{
  "name": "test-xxhash",
  "lockfileVersion": 3,
  "requires": true,
  "packages": {
    "": {
      "name": "test-xxhash",
      "dependencies": {
        "js-xxhash": "file:.."
      }
    },
    "..": {
      "version": "3.0.0",
      "license": "MIT",
      "devDependencies": {
        "@tsconfig/node18": "^18.2.2",
        "@types/chai": "^4.3.11",
        "@types/mocha": "^10.0.6",
        "@types/node": "^18.19.2",
        "@types/xxhashjs": "^0.2.4",
        "@typescript-eslint/eslint-plugin": "^6.13.2",
        "@typescript-eslint/parser": "^6.13.2",
        "c8": "^8.0.1",
        "chai": "^4.3.10",
        "eslint": "^8.55.0",
        "eslint-config-prettier": "^9.1.0",
        "eslint-plugin-import": "^2.29.0",
        "eslint-plugin-node": "^11.1.0",
        "eslint-plugin-prettier": "^5.0.1",
        "eslint-plugin-promise": "^6.1.1",
        "lorem-ipsum": "^2.0.8",
        "mocha": "^10.2.0",
        "prettier": "^3.1.0",
        "ts-node": "^10.9.1",
        "ts2mjs": "^2.1.1",
        "typescript": "^5.3.2",
        "xxhashjs": "^0.2.2"
      },
      "engines": {
        "node": ">=18.0.0"
      }
    },
    "node_modules/js-xxhash": {
      "resolved": "..",
      "link": true
    }
  }
}
